<Solution>
  <Project Path="Models/Models.csproj" Id="140c2906-01e3-41c2-b3c7-60e520550d05" />
  <Project Path="WebAPI/WebAPI.csproj" Id="d916e1ae-2a55-4695-a743-630a0fc391dd" />
  <Project Path="WebApp/WebApp.csproj" />
  <Project Path="WebMinimalApi/WebMinimalApi.csproj" Id="4e02e24c-cd1f-4122-99ac-7df423eb5a5c" />
</Solution>
